
Microsoft Visual Studio Solution File, Format Version 12.00
# Visual Studio Version 16
VisualStudioVersion = 16.0.31019.194
MinimumVisualStudioVersion = 10.0.40219.1
Project("{9A19103F-16F7-4668-BE54-9A1E7A4F7556}") = "ChurchManager.Api", "src\ChurchManager.Api\ChurchManager.Api\ChurchManager.Api.csproj", "{9D87C668-59A1-45B9-AC0D-12A1C7CF262D}"
EndProject
Project("{2150E333-8FDC-42A3-9474-1A3956D46DE8}") = "Core", "Core", "{61F45238-00AE-452D-98B9-A42DB00CC3F0}"
EndProject
Project("{9A19103F-16F7-4668-BE54-9A1E7A4F7556}") = "ChurchManager.Application", "src\ChurchManager.Api\ChurchManager.Application\ChurchManager.Application.csproj", "{7E3A63A4-4190-4056-AF0B-731F505AED3B}"
EndProject
Project("{9A19103F-16F7-4668-BE54-9A1E7A4F7556}") = "ChurchManager.Domain", "src\ChurchManager.Api\ChurchManager.Domain\ChurchManager.Domain.csproj", "{91C485A7-2670-4998-AAEB-9D7741838840}"
EndProject
Project("{2150E333-8FDC-42A3-9474-1A3956D46DE8}") = "Infrastructure", "Infrastructure", "{D4173B5E-3368-41B7-A208-72DD77CE12C5}"
EndProject
Project("{9A19103F-16F7-4668-BE54-9A1E7A4F7556}") = "ChurchManager.Infrastructure.Persistence", "src\ChurchManager.Api\ChurchManager.Infrastructure.Persistence\ChurchManager.Infrastructure.Persistence.csproj", "{1815B8AA-E998-4F40-93F9-184102D47D56}"
EndProject
Project("{9A19103F-16F7-4668-BE54-9A1E7A4F7556}") = "ChurchManager.Infrastructure.Shared", "src\ChurchManager.Api\ChurchManager.Infrastructure.Shared\ChurchManager.Infrastructure.Shared.csproj", "{D016FC76-9CB7-4482-8B3B-BEBDC47BF005}"
EndProject
Project("{2150E333-8FDC-42A3-9474-1A3956D46DE8}") = "Api", "Api", "{79158356-D075-4DE8-BE88-4B3EB8BECC23}"
EndProject
Project("{9A19103F-16F7-4668-BE54-9A1E7A4F7556}") = "ChurchManager.Persistence.Models", "src\ChurchManager.Api\ChurchManager.Persistence.Models\ChurchManager.Persistence.Models.csproj", "{F46EFE58-AA54-4F52-9C63-ACB8B49151EC}"
EndProject
Project("{9A19103F-16F7-4668-BE54-9A1E7A4F7556}") = "ChurchManager.Persistence.Shared", "src\ChurchManager.Api\ChurchManager.Persistence.Shared\ChurchManager.Persistence.Shared.csproj", "{5586DECE-E9F6-4B8C-8A5F-6444958FFC91}"
EndProject
Project("{9A19103F-16F7-4668-BE54-9A1E7A4F7556}") = "ChurchManager.Core.Shared", "src\ChurchManager.Api\ChurchManager.Core.Shared\ChurchManager.Core.Shared.csproj", "{5C385EC4-CAF1-4E19-AEF6-52C7630647C7}"
EndProject
Project("{9A19103F-16F7-4668-BE54-9A1E7A4F7556}") = "ChurchManager.Infrastructure.Abstractions", "src\ChurchManager.Api\ChurchManager.Infrastructure.Abstractions\ChurchManager.Infrastructure.Abstractions.csproj", "{9955BE8F-BB7A-4C19-83C1-DB47AE562FE5}"
EndProject
Project("{2150E333-8FDC-42A3-9474-1A3956D46DE8}") = "Solution Items", "Solution Items", "{E5D27A91-D710-43C4-8A55-01BAD363E1CE}"
	ProjectSection(SolutionItems) = preProject
		.travis.yml = .travis.yml
		docker containers = docker containers
		Dockerfile = Dockerfile
		.github\workflows\main.yml = .github\workflows\main.yml
		README.md = README.md
	EndProjectSection
EndProject
Project("{2150E333-8FDC-42A3-9474-1A3956D46DE8}") = "Apps", "Apps", "{F839B0EA-9799-4939-AA57-FB1272B9912A}"
EndProject
Project("{9A19103F-16F7-4668-BE54-9A1E7A4F7556}") = "ChurchManager.DataImporter", "ChurchManager.DataImporter\ChurchManager.DataImporter.csproj", "{0AB306C6-4AA1-4081-B17B-7A8015D92178}"
EndProject
Project("{2150E333-8FDC-42A3-9474-1A3956D46DE8}") = "test", "test", "{B40AA988-6333-4B1C-8C7C-3D8B140DBDE1}"
EndProject
Project("{FAE04EC0-301F-11D3-BF4B-00C04F79EFBC}") = "ChurchManager.Infrastructure.Tests", "test\ChurchManager.Infrastructure.Tests\ChurchManager.Infrastructure.Tests.csproj", "{B319AAC7-7C16-492E-AD07-E8EC02A7E91C}"
EndProject
Global
	GlobalSection(SolutionConfigurationPlatforms) = preSolution
		Debug|Any CPU = Debug|Any CPU
		Release|Any CPU = Release|Any CPU
	EndGlobalSection
	GlobalSection(ProjectConfigurationPlatforms) = postSolution
		{9D87C668-59A1-45B9-AC0D-12A1C7CF262D}.Debug|Any CPU.ActiveCfg = Debug|Any CPU
		{9D87C668-59A1-45B9-AC0D-12A1C7CF262D}.Debug|Any CPU.Build.0 = Debug|Any CPU
		{9D87C668-59A1-45B9-AC0D-12A1C7CF262D}.Release|Any CPU.ActiveCfg = Release|Any CPU
		{9D87C668-59A1-45B9-AC0D-12A1C7CF262D}.Release|Any CPU.Build.0 = Release|Any CPU
		{7E3A63A4-4190-4056-AF0B-731F505AED3B}.Debug|Any CPU.ActiveCfg = Debug|Any CPU
		{7E3A63A4-4190-4056-AF0B-731F505AED3B}.Debug|Any CPU.Build.0 = Debug|Any CPU
		{7E3A63A4-4190-4056-AF0B-731F505AED3B}.Release|Any CPU.ActiveCfg = Release|Any CPU
		{7E3A63A4-4190-4056-AF0B-731F505AED3B}.Release|Any CPU.Build.0 = Release|Any CPU
		{91C485A7-2670-4998-AAEB-9D7741838840}.Debug|Any CPU.ActiveCfg = Debug|Any CPU
		{91C485A7-2670-4998-AAEB-9D7741838840}.Debug|Any CPU.Build.0 = Debug|Any CPU
		{91C485A7-2670-4998-AAEB-9D7741838840}.Release|Any CPU.ActiveCfg = Release|Any CPU
		{91C485A7-2670-4998-AAEB-9D7741838840}.Release|Any CPU.Build.0 = Release|Any CPU
		{1815B8AA-E998-4F40-93F9-184102D47D56}.Debug|Any CPU.ActiveCfg = Debug|Any CPU
		{1815B8AA-E998-4F40-93F9-184102D47D56}.Debug|Any CPU.Build.0 = Debug|Any CPU
		{1815B8AA-E998-4F40-93F9-184102D47D56}.Release|Any CPU.ActiveCfg = Release|Any CPU
		{1815B8AA-E998-4F40-93F9-184102D47D56}.Release|Any CPU.Build.0 = Release|Any CPU
		{D016FC76-9CB7-4482-8B3B-BEBDC47BF005}.Debug|Any CPU.ActiveCfg = Debug|Any CPU
		{D016FC76-9CB7-4482-8B3B-BEBDC47BF005}.Debug|Any CPU.Build.0 = Debug|Any CPU
		{D016FC76-9CB7-4482-8B3B-BEBDC47BF005}.Release|Any CPU.ActiveCfg = Release|Any CPU
		{D016FC76-9CB7-4482-8B3B-BEBDC47BF005}.Release|Any CPU.Build.0 = Release|Any CPU
		{F46EFE58-AA54-4F52-9C63-ACB8B49151EC}.Debug|Any CPU.ActiveCfg = Debug|Any CPU
		{F46EFE58-AA54-4F52-9C63-ACB8B49151EC}.Debug|Any CPU.Build.0 = Debug|Any CPU
		{F46EFE58-AA54-4F52-9C63-ACB8B49151EC}.Release|Any CPU.ActiveCfg = Release|Any CPU
		{F46EFE58-AA54-4F52-9C63-ACB8B49151EC}.Release|Any CPU.Build.0 = Release|Any CPU
		{5586DECE-E9F6-4B8C-8A5F-6444958FFC91}.Debug|Any CPU.ActiveCfg = Debug|Any CPU
		{5586DECE-E9F6-4B8C-8A5F-6444958FFC91}.Debug|Any CPU.Build.0 = Debug|Any CPU
		{5586DECE-E9F6-4B8C-8A5F-6444958FFC91}.Release|Any CPU.ActiveCfg = Release|Any CPU
		{5586DECE-E9F6-4B8C-8A5F-6444958FFC91}.Release|Any CPU.Build.0 = Release|Any CPU
		{5C385EC4-CAF1-4E19-AEF6-52C7630647C7}.Debug|Any CPU.ActiveCfg = Debug|Any CPU
		{5C385EC4-CAF1-4E19-AEF6-52C7630647C7}.Debug|Any CPU.Build.0 = Debug|Any CPU
		{5C385EC4-CAF1-4E19-AEF6-52C7630647C7}.Release|Any CPU.ActiveCfg = Release|Any CPU
		{5C385EC4-CAF1-4E19-AEF6-52C7630647C7}.Release|Any CPU.Build.0 = Release|Any CPU
		{9955BE8F-BB7A-4C19-83C1-DB47AE562FE5}.Debug|Any CPU.ActiveCfg = Debug|Any CPU
		{9955BE8F-BB7A-4C19-83C1-DB47AE562FE5}.Debug|Any CPU.Build.0 = Debug|Any CPU
		{9955BE8F-BB7A-4C19-83C1-DB47AE562FE5}.Release|Any CPU.ActiveCfg = Release|Any CPU
		{9955BE8F-BB7A-4C19-83C1-DB47AE562FE5}.Release|Any CPU.Build.0 = Release|Any CPU
		{0AB306C6-4AA1-4081-B17B-7A8015D92178}.Debug|Any CPU.ActiveCfg = Debug|Any CPU
		{0AB306C6-4AA1-4081-B17B-7A8015D92178}.Debug|Any CPU.Build.0 = Debug|Any CPU
		{0AB306C6-4AA1-4081-B17B-7A8015D92178}.Release|Any CPU.ActiveCfg = Release|Any CPU
		{0AB306C6-4AA1-4081-B17B-7A8015D92178}.Release|Any CPU.Build.0 = Release|Any CPU
		{B319AAC7-7C16-492E-AD07-E8EC02A7E91C}.Debug|Any CPU.ActiveCfg = Debug|Any CPU
		{B319AAC7-7C16-492E-AD07-E8EC02A7E91C}.Debug|Any CPU.Build.0 = Debug|Any CPU
		{B319AAC7-7C16-492E-AD07-E8EC02A7E91C}.Release|Any CPU.ActiveCfg = Release|Any CPU
		{B319AAC7-7C16-492E-AD07-E8EC02A7E91C}.Release|Any CPU.Build.0 = Release|Any CPU
	EndGlobalSection
	GlobalSection(SolutionProperties) = preSolution
		HideSolutionNode = FALSE
	EndGlobalSection
	GlobalSection(NestedProjects) = preSolution
		{9D87C668-59A1-45B9-AC0D-12A1C7CF262D} = {79158356-D075-4DE8-BE88-4B3EB8BECC23}
		{7E3A63A4-4190-4056-AF0B-731F505AED3B} = {61F45238-00AE-452D-98B9-A42DB00CC3F0}
		{91C485A7-2670-4998-AAEB-9D7741838840} = {61F45238-00AE-452D-98B9-A42DB00CC3F0}
		{1815B8AA-E998-4F40-93F9-184102D47D56} = {D4173B5E-3368-41B7-A208-72DD77CE12C5}
		{D016FC76-9CB7-4482-8B3B-BEBDC47BF005} = {D4173B5E-3368-41B7-A208-72DD77CE12C5}
		{F46EFE58-AA54-4F52-9C63-ACB8B49151EC} = {D4173B5E-3368-41B7-A208-72DD77CE12C5}
		{5586DECE-E9F6-4B8C-8A5F-6444958FFC91} = {D4173B5E-3368-41B7-A208-72DD77CE12C5}
		{5C385EC4-CAF1-4E19-AEF6-52C7630647C7} = {61F45238-00AE-452D-98B9-A42DB00CC3F0}
		{9955BE8F-BB7A-4C19-83C1-DB47AE562FE5} = {D4173B5E-3368-41B7-A208-72DD77CE12C5}
		{0AB306C6-4AA1-4081-B17B-7A8015D92178} = {F839B0EA-9799-4939-AA57-FB1272B9912A}
		{B319AAC7-7C16-492E-AD07-E8EC02A7E91C} = {B40AA988-6333-4B1C-8C7C-3D8B140DBDE1}
	EndGlobalSection
	GlobalSection(ExtensibilityGlobals) = postSolution
		SolutionGuid = {FFB97C3E-0578-455B-ABD1-9C774B9BDEAC}
	EndGlobalSection
EndGlobal
