
Microsoft Visual Studio Solution File, Format Version 12.00
# Visual Studio Version 16
VisualStudioVersion = 16.0.30803.129
MinimumVisualStudioVersion = 15.0.26124.0
Project("{2150E333-8FDC-42A3-9474-1A3956D46DE8}") = "People", "People", "{8B8A8052-D0B4-481F-888E-7179EAE1A47E}"
EndProject
Project("{2150E333-8FDC-42A3-9474-1A3956D46DE8}") = "Groups", "Groups", "{F07C45E0-7D58-4149-904C-17077DDC6A35}"
EndProject
Project("{2150E333-8FDC-42A3-9474-1A3956D46DE8}") = "Api", "Api", "{4BE9C423-5EF2-49B5-A601-D6C11B261EB1}"
EndProject
Project("{2150E333-8FDC-42A3-9474-1A3956D46DE8}") = "BoundedContexts", "BoundedContexts", "{CE00FDD2-EFD0-4576-9751-74328CB633EF}"
EndProject
Project("{9A19103F-16F7-4668-BE54-9A1E7A4F7556}") = "ChurchManager.Api", "src\Api\ChurchManager.Api\ChurchManager.Api.csproj", "{3B261277-194B-403B-9F59-B50F695863D0}"
EndProject
Project("{9A19103F-16F7-4668-BE54-9A1E7A4F7556}") = "Contracts", "src\Groups\Contracts\Contracts.csproj", "{0DDDDCE1-523D-49FB-B424-09B6A0A078A9}"
EndProject
Project("{9A19103F-16F7-4668-BE54-9A1E7A4F7556}") = "Domain", "src\Groups\Domain\Domain.csproj", "{F16680D0-5668-4575-A82B-E39006BC0F0B}"
EndProject
Project("{9A19103F-16F7-4668-BE54-9A1E7A4F7556}") = "Infrastructure", "src\Groups\Infrastructure\Infrastructure.csproj", "{D518A07D-7CDA-4490-9D47-BF364E438B7C}"
EndProject
Project("{9A19103F-16F7-4668-BE54-9A1E7A4F7556}") = "Application", "src\Groups\Application\Application.csproj", "{2E6BBCB3-AC99-4FBA-901E-472BDB34BA7A}"
EndProject
Project("{9A19103F-16F7-4668-BE54-9A1E7A4F7556}") = "DbMigrations", "src\DbMigrations\DbMigrations.csproj", "{80550711-B15B-476F-A6AB-D698C2D9CE1A}"
EndProject
Project("{9A19103F-16F7-4668-BE54-9A1E7A4F7556}") = "People.Infrastructure", "src\People\People.Infrastructure\People.Infrastructure.csproj", "{FED82CBB-74EA-4C42-979E-34BC0B8D0D85}"
EndProject
Project("{2150E333-8FDC-42A3-9474-1A3956D46DE8}") = "Churches", "Churches", "{2E95CDC1-756D-4E46-95A6-1F5395DF91B8}"
EndProject
Project("{FAE04EC0-301F-11D3-BF4B-00C04F79EFBC}") = "Churches.Infrastructure", "src\Churches\Churches.Infrastructure\Churches.Infrastructure.csproj", "{468AABBC-FDBE-4DFB-8BDC-E28706B470BD}"
EndProject
Project("{FAE04EC0-301F-11D3-BF4B-00C04F79EFBC}") = "ChurchManager.Shared", "src\ChurchManager.Shared\ChurchManager.Shared.csproj", "{4610FBF4-656A-402C-994B-0F7C6B03604E}"
EndProject
Project("{FAE04EC0-301F-11D3-BF4B-00C04F79EFBC}") = "People.Domain", "src\People\People.Domain\People.Domain.csproj", "{B90EAB94-1E98-4B5F-904E-E05D4CC32007}"
EndProject
Project("{FAE04EC0-301F-11D3-BF4B-00C04F79EFBC}") = "People.Application", "src\People\People.Application\People.Application.csproj", "{576681B5-7EE6-40F1-809F-E234B871D58B}"
EndProject
Project("{FAE04EC0-301F-11D3-BF4B-00C04F79EFBC}") = "People.Persistence.Models", "src\People\People.Persistence.Models\People.Persistence.Models.csproj", "{8121658D-3B28-4ADC-8CA9-AFE8BB8755ED}"
EndProject
Global
	GlobalSection(SolutionConfigurationPlatforms) = preSolution
		Debug|Any CPU = Debug|Any CPU
		Debug|x64 = Debug|x64
		Debug|x86 = Debug|x86
		Release|Any CPU = Release|Any CPU
		Release|x64 = Release|x64
		Release|x86 = Release|x86
	EndGlobalSection
	GlobalSection(ProjectConfigurationPlatforms) = postSolution
		{3B261277-194B-403B-9F59-B50F695863D0}.Debug|Any CPU.ActiveCfg = Debug|Any CPU
		{3B261277-194B-403B-9F59-B50F695863D0}.Debug|Any CPU.Build.0 = Debug|Any CPU
		{3B261277-194B-403B-9F59-B50F695863D0}.Debug|x64.ActiveCfg = Debug|Any CPU
		{3B261277-194B-403B-9F59-B50F695863D0}.Debug|x64.Build.0 = Debug|Any CPU
		{3B261277-194B-403B-9F59-B50F695863D0}.Debug|x86.ActiveCfg = Debug|Any CPU
		{3B261277-194B-403B-9F59-B50F695863D0}.Debug|x86.Build.0 = Debug|Any CPU
		{3B261277-194B-403B-9F59-B50F695863D0}.Release|Any CPU.ActiveCfg = Release|Any CPU
		{3B261277-194B-403B-9F59-B50F695863D0}.Release|Any CPU.Build.0 = Release|Any CPU
		{3B261277-194B-403B-9F59-B50F695863D0}.Release|x64.ActiveCfg = Release|Any CPU
		{3B261277-194B-403B-9F59-B50F695863D0}.Release|x64.Build.0 = Release|Any CPU
		{3B261277-194B-403B-9F59-B50F695863D0}.Release|x86.ActiveCfg = Release|Any CPU
		{3B261277-194B-403B-9F59-B50F695863D0}.Release|x86.Build.0 = Release|Any CPU
		{0DDDDCE1-523D-49FB-B424-09B6A0A078A9}.Debug|Any CPU.ActiveCfg = Debug|Any CPU
		{0DDDDCE1-523D-49FB-B424-09B6A0A078A9}.Debug|Any CPU.Build.0 = Debug|Any CPU
		{0DDDDCE1-523D-49FB-B424-09B6A0A078A9}.Debug|x64.ActiveCfg = Debug|Any CPU
		{0DDDDCE1-523D-49FB-B424-09B6A0A078A9}.Debug|x64.Build.0 = Debug|Any CPU
		{0DDDDCE1-523D-49FB-B424-09B6A0A078A9}.Debug|x86.ActiveCfg = Debug|Any CPU
		{0DDDDCE1-523D-49FB-B424-09B6A0A078A9}.Debug|x86.Build.0 = Debug|Any CPU
		{0DDDDCE1-523D-49FB-B424-09B6A0A078A9}.Release|Any CPU.ActiveCfg = Release|Any CPU
		{0DDDDCE1-523D-49FB-B424-09B6A0A078A9}.Release|Any CPU.Build.0 = Release|Any CPU
		{0DDDDCE1-523D-49FB-B424-09B6A0A078A9}.Release|x64.ActiveCfg = Release|Any CPU
		{0DDDDCE1-523D-49FB-B424-09B6A0A078A9}.Release|x64.Build.0 = Release|Any CPU
		{0DDDDCE1-523D-49FB-B424-09B6A0A078A9}.Release|x86.ActiveCfg = Release|Any CPU
		{0DDDDCE1-523D-49FB-B424-09B6A0A078A9}.Release|x86.Build.0 = Release|Any CPU
		{F16680D0-5668-4575-A82B-E39006BC0F0B}.Debug|Any CPU.ActiveCfg = Debug|Any CPU
		{F16680D0-5668-4575-A82B-E39006BC0F0B}.Debug|Any CPU.Build.0 = Debug|Any CPU
		{F16680D0-5668-4575-A82B-E39006BC0F0B}.Debug|x64.ActiveCfg = Debug|Any CPU
		{F16680D0-5668-4575-A82B-E39006BC0F0B}.Debug|x64.Build.0 = Debug|Any CPU
		{F16680D0-5668-4575-A82B-E39006BC0F0B}.Debug|x86.ActiveCfg = Debug|Any CPU
		{F16680D0-5668-4575-A82B-E39006BC0F0B}.Debug|x86.Build.0 = Debug|Any CPU
		{F16680D0-5668-4575-A82B-E39006BC0F0B}.Release|Any CPU.ActiveCfg = Release|Any CPU
		{F16680D0-5668-4575-A82B-E39006BC0F0B}.Release|Any CPU.Build.0 = Release|Any CPU
		{F16680D0-5668-4575-A82B-E39006BC0F0B}.Release|x64.ActiveCfg = Release|Any CPU
		{F16680D0-5668-4575-A82B-E39006BC0F0B}.Release|x64.Build.0 = Release|Any CPU
		{F16680D0-5668-4575-A82B-E39006BC0F0B}.Release|x86.ActiveCfg = Release|Any CPU
		{F16680D0-5668-4575-A82B-E39006BC0F0B}.Release|x86.Build.0 = Release|Any CPU
		{D518A07D-7CDA-4490-9D47-BF364E438B7C}.Debug|Any CPU.ActiveCfg = Debug|Any CPU
		{D518A07D-7CDA-4490-9D47-BF364E438B7C}.Debug|Any CPU.Build.0 = Debug|Any CPU
		{D518A07D-7CDA-4490-9D47-BF364E438B7C}.Debug|x64.ActiveCfg = Debug|Any CPU
		{D518A07D-7CDA-4490-9D47-BF364E438B7C}.Debug|x64.Build.0 = Debug|Any CPU
		{D518A07D-7CDA-4490-9D47-BF364E438B7C}.Debug|x86.ActiveCfg = Debug|Any CPU
		{D518A07D-7CDA-4490-9D47-BF364E438B7C}.Debug|x86.Build.0 = Debug|Any CPU
		{D518A07D-7CDA-4490-9D47-BF364E438B7C}.Release|Any CPU.ActiveCfg = Release|Any CPU
		{D518A07D-7CDA-4490-9D47-BF364E438B7C}.Release|Any CPU.Build.0 = Release|Any CPU
		{D518A07D-7CDA-4490-9D47-BF364E438B7C}.Release|x64.ActiveCfg = Release|Any CPU
		{D518A07D-7CDA-4490-9D47-BF364E438B7C}.Release|x64.Build.0 = Release|Any CPU
		{D518A07D-7CDA-4490-9D47-BF364E438B7C}.Release|x86.ActiveCfg = Release|Any CPU
		{D518A07D-7CDA-4490-9D47-BF364E438B7C}.Release|x86.Build.0 = Release|Any CPU
		{2E6BBCB3-AC99-4FBA-901E-472BDB34BA7A}.Debug|Any CPU.ActiveCfg = Debug|Any CPU
		{2E6BBCB3-AC99-4FBA-901E-472BDB34BA7A}.Debug|Any CPU.Build.0 = Debug|Any CPU
		{2E6BBCB3-AC99-4FBA-901E-472BDB34BA7A}.Debug|x64.ActiveCfg = Debug|Any CPU
		{2E6BBCB3-AC99-4FBA-901E-472BDB34BA7A}.Debug|x64.Build.0 = Debug|Any CPU
		{2E6BBCB3-AC99-4FBA-901E-472BDB34BA7A}.Debug|x86.ActiveCfg = Debug|Any CPU
		{2E6BBCB3-AC99-4FBA-901E-472BDB34BA7A}.Debug|x86.Build.0 = Debug|Any CPU
		{2E6BBCB3-AC99-4FBA-901E-472BDB34BA7A}.Release|Any CPU.ActiveCfg = Release|Any CPU
		{2E6BBCB3-AC99-4FBA-901E-472BDB34BA7A}.Release|Any CPU.Build.0 = Release|Any CPU
		{2E6BBCB3-AC99-4FBA-901E-472BDB34BA7A}.Release|x64.ActiveCfg = Release|Any CPU
		{2E6BBCB3-AC99-4FBA-901E-472BDB34BA7A}.Release|x64.Build.0 = Release|Any CPU
		{2E6BBCB3-AC99-4FBA-901E-472BDB34BA7A}.Release|x86.ActiveCfg = Release|Any CPU
		{2E6BBCB3-AC99-4FBA-901E-472BDB34BA7A}.Release|x86.Build.0 = Release|Any CPU
		{80550711-B15B-476F-A6AB-D698C2D9CE1A}.Debug|Any CPU.ActiveCfg = Debug|Any CPU
		{80550711-B15B-476F-A6AB-D698C2D9CE1A}.Debug|Any CPU.Build.0 = Debug|Any CPU
		{80550711-B15B-476F-A6AB-D698C2D9CE1A}.Debug|x64.ActiveCfg = Debug|Any CPU
		{80550711-B15B-476F-A6AB-D698C2D9CE1A}.Debug|x64.Build.0 = Debug|Any CPU
		{80550711-B15B-476F-A6AB-D698C2D9CE1A}.Debug|x86.ActiveCfg = Debug|Any CPU
		{80550711-B15B-476F-A6AB-D698C2D9CE1A}.Debug|x86.Build.0 = Debug|Any CPU
		{80550711-B15B-476F-A6AB-D698C2D9CE1A}.Release|Any CPU.ActiveCfg = Release|Any CPU
		{80550711-B15B-476F-A6AB-D698C2D9CE1A}.Release|Any CPU.Build.0 = Release|Any CPU
		{80550711-B15B-476F-A6AB-D698C2D9CE1A}.Release|x64.ActiveCfg = Release|Any CPU
		{80550711-B15B-476F-A6AB-D698C2D9CE1A}.Release|x64.Build.0 = Release|Any CPU
		{80550711-B15B-476F-A6AB-D698C2D9CE1A}.Release|x86.ActiveCfg = Release|Any CPU
		{80550711-B15B-476F-A6AB-D698C2D9CE1A}.Release|x86.Build.0 = Release|Any CPU
		{FED82CBB-74EA-4C42-979E-34BC0B8D0D85}.Debug|Any CPU.ActiveCfg = Debug|Any CPU
		{FED82CBB-74EA-4C42-979E-34BC0B8D0D85}.Debug|Any CPU.Build.0 = Debug|Any CPU
		{FED82CBB-74EA-4C42-979E-34BC0B8D0D85}.Debug|x64.ActiveCfg = Debug|Any CPU
		{FED82CBB-74EA-4C42-979E-34BC0B8D0D85}.Debug|x64.Build.0 = Debug|Any CPU
		{FED82CBB-74EA-4C42-979E-34BC0B8D0D85}.Debug|x86.ActiveCfg = Debug|Any CPU
		{FED82CBB-74EA-4C42-979E-34BC0B8D0D85}.Debug|x86.Build.0 = Debug|Any CPU
		{FED82CBB-74EA-4C42-979E-34BC0B8D0D85}.Release|Any CPU.ActiveCfg = Release|Any CPU
		{FED82CBB-74EA-4C42-979E-34BC0B8D0D85}.Release|Any CPU.Build.0 = Release|Any CPU
		{FED82CBB-74EA-4C42-979E-34BC0B8D0D85}.Release|x64.ActiveCfg = Release|Any CPU
		{FED82CBB-74EA-4C42-979E-34BC0B8D0D85}.Release|x64.Build.0 = Release|Any CPU
		{FED82CBB-74EA-4C42-979E-34BC0B8D0D85}.Release|x86.ActiveCfg = Release|Any CPU
		{FED82CBB-74EA-4C42-979E-34BC0B8D0D85}.Release|x86.Build.0 = Release|Any CPU
		{468AABBC-FDBE-4DFB-8BDC-E28706B470BD}.Debug|Any CPU.ActiveCfg = Debug|Any CPU
		{468AABBC-FDBE-4DFB-8BDC-E28706B470BD}.Debug|Any CPU.Build.0 = Debug|Any CPU
		{468AABBC-FDBE-4DFB-8BDC-E28706B470BD}.Debug|x64.ActiveCfg = Debug|Any CPU
		{468AABBC-FDBE-4DFB-8BDC-E28706B470BD}.Debug|x64.Build.0 = Debug|Any CPU
		{468AABBC-FDBE-4DFB-8BDC-E28706B470BD}.Debug|x86.ActiveCfg = Debug|Any CPU
		{468AABBC-FDBE-4DFB-8BDC-E28706B470BD}.Debug|x86.Build.0 = Debug|Any CPU
		{468AABBC-FDBE-4DFB-8BDC-E28706B470BD}.Release|Any CPU.ActiveCfg = Release|Any CPU
		{468AABBC-FDBE-4DFB-8BDC-E28706B470BD}.Release|Any CPU.Build.0 = Release|Any CPU
		{468AABBC-FDBE-4DFB-8BDC-E28706B470BD}.Release|x64.ActiveCfg = Release|Any CPU
		{468AABBC-FDBE-4DFB-8BDC-E28706B470BD}.Release|x64.Build.0 = Release|Any CPU
		{468AABBC-FDBE-4DFB-8BDC-E28706B470BD}.Release|x86.ActiveCfg = Release|Any CPU
		{468AABBC-FDBE-4DFB-8BDC-E28706B470BD}.Release|x86.Build.0 = Release|Any CPU
		{4610FBF4-656A-402C-994B-0F7C6B03604E}.Debug|Any CPU.ActiveCfg = Debug|Any CPU
		{4610FBF4-656A-402C-994B-0F7C6B03604E}.Debug|Any CPU.Build.0 = Debug|Any CPU
		{4610FBF4-656A-402C-994B-0F7C6B03604E}.Debug|x64.ActiveCfg = Debug|Any CPU
		{4610FBF4-656A-402C-994B-0F7C6B03604E}.Debug|x64.Build.0 = Debug|Any CPU
		{4610FBF4-656A-402C-994B-0F7C6B03604E}.Debug|x86.ActiveCfg = Debug|Any CPU
		{4610FBF4-656A-402C-994B-0F7C6B03604E}.Debug|x86.Build.0 = Debug|Any CPU
		{4610FBF4-656A-402C-994B-0F7C6B03604E}.Release|Any CPU.ActiveCfg = Release|Any CPU
		{4610FBF4-656A-402C-994B-0F7C6B03604E}.Release|Any CPU.Build.0 = Release|Any CPU
		{4610FBF4-656A-402C-994B-0F7C6B03604E}.Release|x64.ActiveCfg = Release|Any CPU
		{4610FBF4-656A-402C-994B-0F7C6B03604E}.Release|x64.Build.0 = Release|Any CPU
		{4610FBF4-656A-402C-994B-0F7C6B03604E}.Release|x86.ActiveCfg = Release|Any CPU
		{4610FBF4-656A-402C-994B-0F7C6B03604E}.Release|x86.Build.0 = Release|Any CPU
		{B90EAB94-1E98-4B5F-904E-E05D4CC32007}.Debug|Any CPU.ActiveCfg = Debug|Any CPU
		{B90EAB94-1E98-4B5F-904E-E05D4CC32007}.Debug|Any CPU.Build.0 = Debug|Any CPU
		{B90EAB94-1E98-4B5F-904E-E05D4CC32007}.Debug|x64.ActiveCfg = Debug|Any CPU
		{B90EAB94-1E98-4B5F-904E-E05D4CC32007}.Debug|x64.Build.0 = Debug|Any CPU
		{B90EAB94-1E98-4B5F-904E-E05D4CC32007}.Debug|x86.ActiveCfg = Debug|Any CPU
		{B90EAB94-1E98-4B5F-904E-E05D4CC32007}.Debug|x86.Build.0 = Debug|Any CPU
		{B90EAB94-1E98-4B5F-904E-E05D4CC32007}.Release|Any CPU.ActiveCfg = Release|Any CPU
		{B90EAB94-1E98-4B5F-904E-E05D4CC32007}.Release|Any CPU.Build.0 = Release|Any CPU
		{B90EAB94-1E98-4B5F-904E-E05D4CC32007}.Release|x64.ActiveCfg = Release|Any CPU
		{B90EAB94-1E98-4B5F-904E-E05D4CC32007}.Release|x64.Build.0 = Release|Any CPU
		{B90EAB94-1E98-4B5F-904E-E05D4CC32007}.Release|x86.ActiveCfg = Release|Any CPU
		{B90EAB94-1E98-4B5F-904E-E05D4CC32007}.Release|x86.Build.0 = Release|Any CPU
		{576681B5-7EE6-40F1-809F-E234B871D58B}.Debug|Any CPU.ActiveCfg = Debug|Any CPU
		{576681B5-7EE6-40F1-809F-E234B871D58B}.Debug|Any CPU.Build.0 = Debug|Any CPU
		{576681B5-7EE6-40F1-809F-E234B871D58B}.Debug|x64.ActiveCfg = Debug|Any CPU
		{576681B5-7EE6-40F1-809F-E234B871D58B}.Debug|x64.Build.0 = Debug|Any CPU
		{576681B5-7EE6-40F1-809F-E234B871D58B}.Debug|x86.ActiveCfg = Debug|Any CPU
		{576681B5-7EE6-40F1-809F-E234B871D58B}.Debug|x86.Build.0 = Debug|Any CPU
		{576681B5-7EE6-40F1-809F-E234B871D58B}.Release|Any CPU.ActiveCfg = Release|Any CPU
		{576681B5-7EE6-40F1-809F-E234B871D58B}.Release|Any CPU.Build.0 = Release|Any CPU
		{576681B5-7EE6-40F1-809F-E234B871D58B}.Release|x64.ActiveCfg = Release|Any CPU
		{576681B5-7EE6-40F1-809F-E234B871D58B}.Release|x64.Build.0 = Release|Any CPU
		{576681B5-7EE6-40F1-809F-E234B871D58B}.Release|x86.ActiveCfg = Release|Any CPU
		{576681B5-7EE6-40F1-809F-E234B871D58B}.Release|x86.Build.0 = Release|Any CPU
		{8121658D-3B28-4ADC-8CA9-AFE8BB8755ED}.Debug|Any CPU.ActiveCfg = Debug|Any CPU
		{8121658D-3B28-4ADC-8CA9-AFE8BB8755ED}.Debug|Any CPU.Build.0 = Debug|Any CPU
		{8121658D-3B28-4ADC-8CA9-AFE8BB8755ED}.Debug|x64.ActiveCfg = Debug|Any CPU
		{8121658D-3B28-4ADC-8CA9-AFE8BB8755ED}.Debug|x64.Build.0 = Debug|Any CPU
		{8121658D-3B28-4ADC-8CA9-AFE8BB8755ED}.Debug|x86.ActiveCfg = Debug|Any CPU
		{8121658D-3B28-4ADC-8CA9-AFE8BB8755ED}.Debug|x86.Build.0 = Debug|Any CPU
		{8121658D-3B28-4ADC-8CA9-AFE8BB8755ED}.Release|Any CPU.ActiveCfg = Release|Any CPU
		{8121658D-3B28-4ADC-8CA9-AFE8BB8755ED}.Release|Any CPU.Build.0 = Release|Any CPU
		{8121658D-3B28-4ADC-8CA9-AFE8BB8755ED}.Release|x64.ActiveCfg = Release|Any CPU
		{8121658D-3B28-4ADC-8CA9-AFE8BB8755ED}.Release|x64.Build.0 = Release|Any CPU
		{8121658D-3B28-4ADC-8CA9-AFE8BB8755ED}.Release|x86.ActiveCfg = Release|Any CPU
		{8121658D-3B28-4ADC-8CA9-AFE8BB8755ED}.Release|x86.Build.0 = Release|Any CPU
	EndGlobalSection
	GlobalSection(SolutionProperties) = preSolution
		HideSolutionNode = FALSE
	EndGlobalSection
	GlobalSection(NestedProjects) = preSolution
		{8B8A8052-D0B4-481F-888E-7179EAE1A47E} = {CE00FDD2-EFD0-4576-9751-74328CB633EF}
		{F07C45E0-7D58-4149-904C-17077DDC6A35} = {CE00FDD2-EFD0-4576-9751-74328CB633EF}
		{3B261277-194B-403B-9F59-B50F695863D0} = {4BE9C423-5EF2-49B5-A601-D6C11B261EB1}
		{0DDDDCE1-523D-49FB-B424-09B6A0A078A9} = {F07C45E0-7D58-4149-904C-17077DDC6A35}
		{F16680D0-5668-4575-A82B-E39006BC0F0B} = {F07C45E0-7D58-4149-904C-17077DDC6A35}
		{D518A07D-7CDA-4490-9D47-BF364E438B7C} = {F07C45E0-7D58-4149-904C-17077DDC6A35}
		{2E6BBCB3-AC99-4FBA-901E-472BDB34BA7A} = {F07C45E0-7D58-4149-904C-17077DDC6A35}
		{80550711-B15B-476F-A6AB-D698C2D9CE1A} = {CE00FDD2-EFD0-4576-9751-74328CB633EF}
		{FED82CBB-74EA-4C42-979E-34BC0B8D0D85} = {8B8A8052-D0B4-481F-888E-7179EAE1A47E}
		{2E95CDC1-756D-4E46-95A6-1F5395DF91B8} = {CE00FDD2-EFD0-4576-9751-74328CB633EF}
		{468AABBC-FDBE-4DFB-8BDC-E28706B470BD} = {2E95CDC1-756D-4E46-95A6-1F5395DF91B8}
		{4610FBF4-656A-402C-994B-0F7C6B03604E} = {CE00FDD2-EFD0-4576-9751-74328CB633EF}
		{B90EAB94-1E98-4B5F-904E-E05D4CC32007} = {8B8A8052-D0B4-481F-888E-7179EAE1A47E}
		{576681B5-7EE6-40F1-809F-E234B871D58B} = {8B8A8052-D0B4-481F-888E-7179EAE1A47E}
		{8121658D-3B28-4ADC-8CA9-AFE8BB8755ED} = {8B8A8052-D0B4-481F-888E-7179EAE1A47E}
	EndGlobalSection
	GlobalSection(ExtensibilityGlobals) = postSolution
		SolutionGuid = {406A3BFC-FF28-49B8-87AA-17DF89BA5A8E}
	EndGlobalSection
EndGlobal
